
Microsoft Visual Studio Solution File, Format Version 12.00
# Visual Studio Version 17
VisualStudioVersion = 17.7.34202.233
MinimumVisualStudioVersion = 10.0.40219.1
Project("{FAE04EC0-301F-11D3-BF4B-00C04F79EFBC}") = "UdemyDotNet", "UdemyDotNet\UdemyDotNet.csproj", "{84A8E5CA-FEBF-4A4F-9FF0-8FE1F763988E}"
EndProject
Global
	GlobalSection(SolutionConfigurationPlatforms) = preSolution
		Debug|Any CPU = Debug|Any CPU
		Release|Any CPU = Release|Any CPU
	EndGlobalSection
	GlobalSection(ProjectConfigurationPlatforms) = postSolution
		{84A8E5CA-FEBF-4A4F-9FF0-8FE1F763988E}.Debug|Any CPU.ActiveCfg = Debug|Any CPU
		{84A8E5CA-FEBF-4A4F-9FF0-8FE1F763988E}.Debug|Any CPU.Build.0 = Debug|Any CPU
		{84A8E5CA-FEBF-4A4F-9FF0-8FE1F763988E}.Release|Any CPU.ActiveCfg = Release|Any CPU
		{84A8E5CA-FEBF-4A4F-9FF0-8FE1F763988E}.Release|Any CPU.Build.0 = Release|Any CPU
	EndGlobalSection
	GlobalSection(SolutionProperties) = preSolution
		HideSolutionNode = FALSE
	EndGlobalSection
	GlobalSection(ExtensibilityGlobals) = postSolution
		SolutionGuid = {847CEE6E-3D36-4C8C-92C5-088326B09551}
	EndGlobalSection
EndGlobal
